
Microsoft Visual Studio Solution File, Format Version 12.00
# Visual Studio Version 17
VisualStudioVersion = 17.6.33801.468
MinimumVisualStudioVersion = 10.0.40219.1
Project("{FAE04EC0-301F-11D3-BF4B-00C04F79EFBC}") = "ManejoPresupesto", "ManejoPresupesto\ManejoPresupesto.csproj", "{D1F73926-D1DA-45FD-9B2A-65006DED4F6F}"
EndProject
Global
	GlobalSection(SolutionConfigurationPlatforms) = preSolution
		Debug|Any CPU = Debug|Any CPU
		Release|Any CPU = Release|Any CPU
	EndGlobalSection
	GlobalSection(ProjectConfigurationPlatforms) = postSolution
		{D1F73926-D1DA-45FD-9B2A-65006DED4F6F}.Debug|Any CPU.ActiveCfg = Debug|Any CPU
		{D1F73926-D1DA-45FD-9B2A-65006DED4F6F}.Debug|Any CPU.Build.0 = Debug|Any CPU
		{D1F73926-D1DA-45FD-9B2A-65006DED4F6F}.Release|Any CPU.ActiveCfg = Release|Any CPU
		{D1F73926-D1DA-45FD-9B2A-65006DED4F6F}.Release|Any CPU.Build.0 = Release|Any CPU
	EndGlobalSection
	GlobalSection(SolutionProperties) = preSolution
		HideSolutionNode = FALSE
	EndGlobalSection
	GlobalSection(ExtensibilityGlobals) = postSolution
		SolutionGuid = {D02F3848-AD3F-4D91-AE22-9E999A33226E}
	EndGlobalSection
EndGlobal
